// !$*UTF8*$!
{
	archiveVersion = 1;
	classes = {
	};
	objectVersion = 51;
	objects = {

/* Begin PBXBuildFile section */
		2F320BDE24F3F4D900BBEE13 /* Utilities.swift in Sources */ = {isa = PBXBuildFile; fileRef = 2F320BDC24F3F4D800BBEE13 /* Utilities.swift */; };
		2F320BDF24F3F4D900BBEE13 /* Constants.swift in Sources */ = {isa = PBXBuildFile; fileRef = 2F320BDD24F3F4D900BBEE13 /* Constants.swift */; };
		2F320BE224F3F78800BBEE13 /* FirstViewController.swift in Sources */ = {isa = PBXBuildFile; fileRef = 2F320BE124F3F78800BBEE13 /* FirstViewController.swift */; };
		2F320BE424F418DC00BBEE13 /* TabBarViewController.swift in Sources */ = {isa = PBXBuildFile; fileRef = 2F320BE324F418DC00BBEE13 /* TabBarViewController.swift */; };
		2F320BEB24F5456500BBEE13 /* UISlidingTabController.swift in Sources */ = {isa = PBXBuildFile; fileRef = 2F320BEA24F5456500BBEE13 /* UISlidingTabController.swift */; };
		2F320BED24F546D900BBEE13 /* SimpleItemViewControllerOne.swift in Sources */ = {isa = PBXBuildFile; fileRef = 2F320BEC24F546D900BBEE13 /* SimpleItemViewControllerOne.swift */; };
		2F320BEF24F546FF00BBEE13 /* SimpleItemViewControllerTwo.swift in Sources */ = {isa = PBXBuildFile; fileRef = 2F320BEE24F546FF00BBEE13 /* SimpleItemViewControllerTwo.swift */; };
		2F33C73D24F695F700752B45 /* UIViewExtension.swift in Sources */ = {isa = PBXBuildFile; fileRef = 2F33C73C24F695F700752B45 /* UIViewExtension.swift */; };
		2F33C74024F69B0200752B45 /* CustomTableViewCell.swift in Sources */ = {isa = PBXBuildFile; fileRef = 2F33C73F24F69B0200752B45 /* CustomTableViewCell.swift */; };
		2F33C74224F69FBA00752B45 /* DiveInfoStruct.swift in Sources */ = {isa = PBXBuildFile; fileRef = 2F33C74124F69FBA00752B45 /* DiveInfoStruct.swift */; };
		2F33C74424F911C400752B45 /* ShowDiveViewController.swift in Sources */ = {isa = PBXBuildFile; fileRef = 2F33C74324F911C400752B45 /* ShowDiveViewController.swift */; };
		2F33C74924F9237100752B45 /* CirtifiedDiveViewController.swift in Sources */ = {isa = PBXBuildFile; fileRef = 2F33C74824F9237100752B45 /* CirtifiedDiveViewController.swift */; };
		2F33C74B24F9237F00752B45 /* NormalDiveViewController.swift in Sources */ = {isa = PBXBuildFile; fileRef = 2F33C74A24F9237F00752B45 /* NormalDiveViewController.swift */; };
		2F4F123C24F26FC200666535 /* AppDelegate.swift in Sources */ = {isa = PBXBuildFile; fileRef = 2F4F123B24F26FC200666535 /* AppDelegate.swift */; };
		2F4F123E24F26FC200666535 /* SceneDelegate.swift in Sources */ = {isa = PBXBuildFile; fileRef = 2F4F123D24F26FC200666535 /* SceneDelegate.swift */; };
		2F4F124024F26FC200666535 /* HomeViewController.swift in Sources */ = {isa = PBXBuildFile; fileRef = 2F4F123F24F26FC200666535 /* HomeViewController.swift */; };
		2F4F124324F26FC200666535 /* Main.storyboard in Resources */ = {isa = PBXBuildFile; fileRef = 2F4F124124F26FC200666535 /* Main.storyboard */; };
		2F4F124524F26FC600666535 /* Assets.xcassets in Resources */ = {isa = PBXBuildFile; fileRef = 2F4F124424F26FC600666535 /* Assets.xcassets */; };
		2F4F124824F26FC600666535 /* LaunchScreen.storyboard in Resources */ = {isa = PBXBuildFile; fileRef = 2F4F124624F26FC600666535 /* LaunchScreen.storyboard */; };
		2F4F125524F2716500666535 /* ExploreViewController.swift in Sources */ = {isa = PBXBuildFile; fileRef = 2F4F125424F2716500666535 /* ExploreViewController.swift */; };
		2F4F125724F2717900666535 /* ProfileViewController.swift in Sources */ = {isa = PBXBuildFile; fileRef = 2F4F125624F2717900666535 /* ProfileViewController.swift */; };
		2F4F125924F2719700666535 /* AlbumViewController.swift in Sources */ = {isa = PBXBuildFile; fileRef = 2F4F125824F2719700666535 /* AlbumViewController.swift */; };
		2F4F125B24F2722A00666535 /* AddDiveViewController.swift in Sources */ = {isa = PBXBuildFile; fileRef = 2F4F125A24F2722A00666535 /* AddDiveViewController.swift */; };
		2F4F126024F2727300666535 /* LoginViewController.swift in Sources */ = {isa = PBXBuildFile; fileRef = 2F4F125F24F2727300666535 /* LoginViewController.swift */; };
		2F4F126224F2728E00666535 /* RegistrationViewController.swift in Sources */ = {isa = PBXBuildFile; fileRef = 2F4F126124F2728E00666535 /* RegistrationViewController.swift */; };
		2F4F126424F272E000666535 /* EditProfileViewController.swift in Sources */ = {isa = PBXBuildFile; fileRef = 2F4F126324F272E000666535 /* EditProfileViewController.swift */; };
		2F4F126824F2731B00666535 /* SettingsViewController.swift in Sources */ = {isa = PBXBuildFile; fileRef = 2F4F126724F2731B00666535 /* SettingsViewController.swift */; };
		2F4F126A24F283A200666535 /* GoogleService-Info.plist in Resources */ = {isa = PBXBuildFile; fileRef = 2F4F126924F283A200666535 /* GoogleService-Info.plist */; };
		2F4F127524F2C2EC00666535 /* GradientColor.swift in Sources */ = {isa = PBXBuildFile; fileRef = 2F4F127424F2C2EC00666535 /* GradientColor.swift */; };
		2F63B3502509615F00F4EEBD /* UPCarouselFlowLayout.swift in Sources */ = {isa = PBXBuildFile; fileRef = 2F63B34F2509615F00F4EEBD /* UPCarouselFlowLayout.swift */; };
		2F63B352250CB35B00F4EEBD /* EditCardInfoViewController.swift in Sources */ = {isa = PBXBuildFile; fileRef = 2F63B351250CB35B00F4EEBD /* EditCardInfoViewController.swift */; };
		2FBBD8AF25587F1C007E7772 /* GradientBorderView.swift in Sources */ = {isa = PBXBuildFile; fileRef = 2FBBD8AE25587F1C007E7772 /* GradientBorderView.swift */; };
		2FBBD8B225588011007E7772 /* knConstraints.swift in Sources */ = {isa = PBXBuildFile; fileRef = 2FBBD8B125588011007E7772 /* knConstraints.swift */; };
		2FE50A9025013F520084B496 /* ShowCardsViewController.swift in Sources */ = {isa = PBXBuildFile; fileRef = 2FE50A8F25013F520084B496 /* ShowCardsViewController.swift */; };
		2FE50A9425017F9F0084B496 /* SplashViewController.swift in Sources */ = {isa = PBXBuildFile; fileRef = 2FE50A9325017F9E0084B496 /* SplashViewController.swift */; };
		2FE50A962502DCFD0084B496 /* FetchData.swift in Sources */ = {isa = PBXBuildFile; fileRef = 2FE50A952502DCFD0084B496 /* FetchData.swift */; };
		2FE9D4A5255EA6A9004819DC /* NormalDiveExtension.swift in Sources */ = {isa = PBXBuildFile; fileRef = 2FE9D4A4255EA6A9004819DC /* NormalDiveExtension.swift */; };
		2FF42C25254ECEAD00CF482B /* AddCardViewController.swift in Sources */ = {isa = PBXBuildFile; fileRef = 2FF42C24254ECEAD00CF482B /* AddCardViewController.swift */; };
		2FFFAA83258CB4F10040C279 /* ConditionsViewController.swift in Sources */ = {isa = PBXBuildFile; fileRef = 2FFFAA82258CB4F10040C279 /* ConditionsViewController.swift */; };
		AF0B6AE2D7925620500F065B /* Pods_diveBook.framework in Frameworks */ = {isa = PBXBuildFile; fileRef = 847647F8210BB7DA52B5EB30 /* Pods_diveBook.framework */; };
/* End PBXBuildFile section */

/* Begin PBXFileReference section */
		2F320BDC24F3F4D800BBEE13 /* Utilities.swift */ = {isa = PBXFileReference; fileEncoding = 4; lastKnownFileType = sourcecode.swift; path = Utilities.swift; sourceTree = "<group>"; };
		2F320BDD24F3F4D900BBEE13 /* Constants.swift */ = {isa = PBXFileReference; fileEncoding = 4; lastKnownFileType = sourcecode.swift; path = Constants.swift; sourceTree = "<group>"; };
		2F320BE124F3F78800BBEE13 /* FirstViewController.swift */ = {isa = PBXFileReference; lastKnownFileType = sourcecode.swift; path = FirstViewController.swift; sourceTree = "<group>"; };
		2F320BE324F418DC00BBEE13 /* TabBarViewController.swift */ = {isa = PBXFileReference; lastKnownFileType = sourcecode.swift; path = TabBarViewController.swift; sourceTree = "<group>"; };
		2F320BEA24F5456500BBEE13 /* UISlidingTabController.swift */ = {isa = PBXFileReference; lastKnownFileType = sourcecode.swift; path = UISlidingTabController.swift; sourceTree = "<group>"; };
		2F320BEC24F546D900BBEE13 /* SimpleItemViewControllerOne.swift */ = {isa = PBXFileReference; lastKnownFileType = sourcecode.swift; path = SimpleItemViewControllerOne.swift; sourceTree = "<group>"; };
		2F320BEE24F546FF00BBEE13 /* SimpleItemViewControllerTwo.swift */ = {isa = PBXFileReference; lastKnownFileType = sourcecode.swift; path = SimpleItemViewControllerTwo.swift; sourceTree = "<group>"; };
		2F33C73C24F695F700752B45 /* UIViewExtension.swift */ = {isa = PBXFileReference; lastKnownFileType = sourcecode.swift; path = UIViewExtension.swift; sourceTree = "<group>"; };
		2F33C73F24F69B0200752B45 /* CustomTableViewCell.swift */ = {isa = PBXFileReference; lastKnownFileType = sourcecode.swift; path = CustomTableViewCell.swift; sourceTree = "<group>"; };
		2F33C74124F69FBA00752B45 /* DiveInfoStruct.swift */ = {isa = PBXFileReference; lastKnownFileType = sourcecode.swift; path = DiveInfoStruct.swift; sourceTree = "<group>"; };
		2F33C74324F911C400752B45 /* ShowDiveViewController.swift */ = {isa = PBXFileReference; lastKnownFileType = sourcecode.swift; path = ShowDiveViewController.swift; sourceTree = "<group>"; };
		2F33C74824F9237100752B45 /* CirtifiedDiveViewController.swift */ = {isa = PBXFileReference; lastKnownFileType = sourcecode.swift; path = CirtifiedDiveViewController.swift; sourceTree = "<group>"; };
		2F33C74A24F9237F00752B45 /* NormalDiveViewController.swift */ = {isa = PBXFileReference; lastKnownFileType = sourcecode.swift; path = NormalDiveViewController.swift; sourceTree = "<group>"; };
		2F4F123824F26FC200666535 /* diveBook.app */ = {isa = PBXFileReference; explicitFileType = wrapper.application; includeInIndex = 0; path = diveBook.app; sourceTree = BUILT_PRODUCTS_DIR; };
		2F4F123B24F26FC200666535 /* AppDelegate.swift */ = {isa = PBXFileReference; lastKnownFileType = sourcecode.swift; path = AppDelegate.swift; sourceTree = "<group>"; };
		2F4F123D24F26FC200666535 /* SceneDelegate.swift */ = {isa = PBXFileReference; lastKnownFileType = sourcecode.swift; path = SceneDelegate.swift; sourceTree = "<group>"; };
		2F4F123F24F26FC200666535 /* HomeViewController.swift */ = {isa = PBXFileReference; lastKnownFileType = sourcecode.swift; path = HomeViewController.swift; sourceTree = "<group>"; };
		2F4F124224F26FC200666535 /* Base */ = {isa = PBXFileReference; lastKnownFileType = file.storyboard; name = Base; path = Base.lproj/Main.storyboard; sourceTree = "<group>"; };
		2F4F124424F26FC600666535 /* Assets.xcassets */ = {isa = PBXFileReference; lastKnownFileType = folder.assetcatalog; path = Assets.xcassets; sourceTree = "<group>"; };
		2F4F124724F26FC600666535 /* Base */ = {isa = PBXFileReference; lastKnownFileType = file.storyboard; name = Base; path = Base.lproj/LaunchScreen.storyboard; sourceTree = "<group>"; };
		2F4F124924F26FC600666535 /* Info.plist */ = {isa = PBXFileReference; lastKnownFileType = text.plist.xml; path = Info.plist; sourceTree = "<group>"; };
		2F4F125424F2716500666535 /* ExploreViewController.swift */ = {isa = PBXFileReference; lastKnownFileType = sourcecode.swift; path = ExploreViewController.swift; sourceTree = "<group>"; };
		2F4F125624F2717900666535 /* ProfileViewController.swift */ = {isa = PBXFileReference; lastKnownFileType = sourcecode.swift; path = ProfileViewController.swift; sourceTree = "<group>"; };
		2F4F125824F2719700666535 /* AlbumViewController.swift */ = {isa = PBXFileReference; lastKnownFileType = sourcecode.swift; path = AlbumViewController.swift; sourceTree = "<group>"; };
		2F4F125A24F2722A00666535 /* AddDiveViewController.swift */ = {isa = PBXFileReference; lastKnownFileType = sourcecode.swift; path = AddDiveViewController.swift; sourceTree = "<group>"; };
		2F4F125F24F2727300666535 /* LoginViewController.swift */ = {isa = PBXFileReference; lastKnownFileType = sourcecode.swift; path = LoginViewController.swift; sourceTree = "<group>"; };
		2F4F126124F2728E00666535 /* RegistrationViewController.swift */ = {isa = PBXFileReference; lastKnownFileType = sourcecode.swift; path = RegistrationViewController.swift; sourceTree = "<group>"; };
		2F4F126324F272E000666535 /* EditProfileViewController.swift */ = {isa = PBXFileReference; lastKnownFileType = sourcecode.swift; path = EditProfileViewController.swift; sourceTree = "<group>"; };
		2F4F126724F2731B00666535 /* SettingsViewController.swift */ = {isa = PBXFileReference; lastKnownFileType = sourcecode.swift; path = SettingsViewController.swift; sourceTree = "<group>"; };
		2F4F126924F283A200666535 /* GoogleService-Info.plist */ = {isa = PBXFileReference; fileEncoding = 4; lastKnownFileType = text.plist.xml; path = "GoogleService-Info.plist"; sourceTree = "<group>"; };
		2F4F127424F2C2EC00666535 /* GradientColor.swift */ = {isa = PBXFileReference; lastKnownFileType = sourcecode.swift; path = GradientColor.swift; sourceTree = "<group>"; };
		2F63B34F2509615F00F4EEBD /* UPCarouselFlowLayout.swift */ = {isa = PBXFileReference; lastKnownFileType = sourcecode.swift; path = UPCarouselFlowLayout.swift; sourceTree = "<group>"; };
		2F63B351250CB35B00F4EEBD /* EditCardInfoViewController.swift */ = {isa = PBXFileReference; lastKnownFileType = sourcecode.swift; path = EditCardInfoViewController.swift; sourceTree = "<group>"; };
		2FBBD8AE25587F1C007E7772 /* GradientBorderView.swift */ = {isa = PBXFileReference; fileEncoding = 4; lastKnownFileType = sourcecode.swift; path = GradientBorderView.swift; sourceTree = "<group>"; };
		2FBBD8B125588011007E7772 /* knConstraints.swift */ = {isa = PBXFileReference; fileEncoding = 4; lastKnownFileType = sourcecode.swift; path = knConstraints.swift; sourceTree = "<group>"; };
		2FE50A8F25013F520084B496 /* ShowCardsViewController.swift */ = {isa = PBXFileReference; lastKnownFileType = sourcecode.swift; path = ShowCardsViewController.swift; sourceTree = "<group>"; };
		2FE50A9325017F9E0084B496 /* SplashViewController.swift */ = {isa = PBXFileReference; lastKnownFileType = sourcecode.swift; path = SplashViewController.swift; sourceTree = "<group>"; };
		2FE50A952502DCFD0084B496 /* FetchData.swift */ = {isa = PBXFileReference; lastKnownFileType = sourcecode.swift; path = FetchData.swift; sourceTree = "<group>"; };
		2FE9D4A4255EA6A9004819DC /* NormalDiveExtension.swift */ = {isa = PBXFileReference; lastKnownFileType = sourcecode.swift; path = NormalDiveExtension.swift; sourceTree = "<group>"; };
		2FF42C24254ECEAD00CF482B /* AddCardViewController.swift */ = {isa = PBXFileReference; lastKnownFileType = sourcecode.swift; path = AddCardViewController.swift; sourceTree = "<group>"; };
		2FFFAA82258CB4F10040C279 /* ConditionsViewController.swift */ = {isa = PBXFileReference; lastKnownFileType = sourcecode.swift; path = ConditionsViewController.swift; sourceTree = "<group>"; };
		41EB2E9A3C96819DDA9A192D /* Pods-diveBook.release.xcconfig */ = {isa = PBXFileReference; includeInIndex = 1; lastKnownFileType = text.xcconfig; name = "Pods-diveBook.release.xcconfig"; path = "Target Support Files/Pods-diveBook/Pods-diveBook.release.xcconfig"; sourceTree = "<group>"; };
		808E96D03CA4F6CB4FF7EC28 /* Pods-diveBook.debug.xcconfig */ = {isa = PBXFileReference; includeInIndex = 1; lastKnownFileType = text.xcconfig; name = "Pods-diveBook.debug.xcconfig"; path = "Target Support Files/Pods-diveBook/Pods-diveBook.debug.xcconfig"; sourceTree = "<group>"; };
		847647F8210BB7DA52B5EB30 /* Pods_diveBook.framework */ = {isa = PBXFileReference; explicitFileType = wrapper.framework; includeInIndex = 0; path = Pods_diveBook.framework; sourceTree = BUILT_PRODUCTS_DIR; };
/* End PBXFileReference section */

/* Begin PBXFrameworksBuildPhase section */
		2F4F123524F26FC200666535 /* Frameworks */ = {
			isa = PBXFrameworksBuildPhase;
			buildActionMask = 2147483647;
			files = (
				AF0B6AE2D7925620500F065B /* Pods_diveBook.framework in Frameworks */,
			);
			runOnlyForDeploymentPostprocessing = 0;
		};
/* End PBXFrameworksBuildPhase section */

/* Begin PBXGroup section */
		2F320BE024F3F50100BBEE13 /* Helpers */ = {
			isa = PBXGroup;
			children = (
				2F4F127424F2C2EC00666535 /* GradientColor.swift */,
				2F320BDD24F3F4D900BBEE13 /* Constants.swift */,
				2F320BDC24F3F4D800BBEE13 /* Utilities.swift */,
				2FBBD8AE25587F1C007E7772 /* GradientBorderView.swift */,
				2F33C73C24F695F700752B45 /* UIViewExtension.swift */,
				2FBBD8B125588011007E7772 /* knConstraints.swift */,
				2FE50A952502DCFD0084B496 /* FetchData.swift */,
				2F63B34F2509615F00F4EEBD /* UPCarouselFlowLayout.swift */,
			);
			path = Helpers;
			sourceTree = "<group>";
		};
		2F320BE924F5453A00BBEE13 /* Home */ = {
			isa = PBXGroup;
			children = (
				2FBBD892255863D8007E7772 /* Edit */,
				2FF42C22254ECE6B00CF482B /* Add Card */,
				2FE50A92250162E40084B496 /* Slide */,
				2FE50A91250162880084B496 /* Show */,
				2F33C73E24F69AE000752B45 /* custom cell */,
				2F4F123F24F26FC200666535 /* HomeViewController.swift */,
			);
			path = Home;
			sourceTree = "<group>";
		};
		2F33C73E24F69AE000752B45 /* custom cell */ = {
			isa = PBXGroup;
			children = (
				2F33C73F24F69B0200752B45 /* CustomTableViewCell.swift */,
			);
			path = "custom cell";
			sourceTree = "<group>";
		};
		2F33C74724F9234E00752B45 /* Add Dive */ = {
			isa = PBXGroup;
			children = (
				2F4F125A24F2722A00666535 /* AddDiveViewController.swift */,
				2F33C74824F9237100752B45 /* CirtifiedDiveViewController.swift */,
				2F33C74A24F9237F00752B45 /* NormalDiveViewController.swift */,
				2FE9D4A4255EA6A9004819DC /* NormalDiveExtension.swift */,
				2FFFAA82258CB4F10040C279 /* ConditionsViewController.swift */,
			);
			path = "Add Dive";
			sourceTree = "<group>";
		};
		2F4F122F24F26FC200666535 = {
			isa = PBXGroup;
			children = (
				2F4F123A24F26FC200666535 /* diveBook */,
				2F4F123924F26FC200666535 /* Products */,
				705F134E4C81E7A698A42A0F /* Pods */,
				BC4BC544E96868DC94C628CD /* Frameworks */,
			);
			sourceTree = "<group>";
		};
		2F4F123924F26FC200666535 /* Products */ = {
			isa = PBXGroup;
			children = (
				2F4F123824F26FC200666535 /* diveBook.app */,
			);
			name = Products;
			sourceTree = "<group>";
		};
		2F4F123A24F26FC200666535 /* diveBook */ = {
			isa = PBXGroup;
			children = (
				2F4F125224F2707200666535 /* Resources */,
				2F4F125124F2706800666535 /* Views */,
				2F4F125024F2706000666535 /* Controllers */,
				2F4F124F24F2704500666535 /* Modals */,
				2F4F124924F26FC600666535 /* Info.plist */,
			);
			path = diveBook;
			sourceTree = "<group>";
		};
		2F4F124F24F2704500666535 /* Modals */ = {
			isa = PBXGroup;
			children = (
				2F33C74124F69FBA00752B45 /* DiveInfoStruct.swift */,
			);
			path = Modals;
			sourceTree = "<group>";
		};
		2F4F125024F2706000666535 /* Controllers */ = {
			isa = PBXGroup;
			children = (
				2F4F125D24F2724B00666535 /* Other */,
				2F4F125C24F2723100666535 /* Core Tabs */,
			);
			path = Controllers;
			sourceTree = "<group>";
		};
		2F4F125124F2706800666535 /* Views */ = {
			isa = PBXGroup;
			children = (
				2F4F125324F270D600666535 /* Storyboards */,
				2F4F124424F26FC600666535 /* Assets.xcassets */,
			);
			path = Views;
			sourceTree = "<group>";
		};
		2F4F125224F2707200666535 /* Resources */ = {
			isa = PBXGroup;
			children = (
				2F4F123B24F26FC200666535 /* AppDelegate.swift */,
				2F4F123D24F26FC200666535 /* SceneDelegate.swift */,
				2F4F126924F283A200666535 /* GoogleService-Info.plist */,
				2F320BE024F3F50100BBEE13 /* Helpers */,
			);
			path = Resources;
			sourceTree = "<group>";
		};
		2F4F125324F270D600666535 /* Storyboards */ = {
			isa = PBXGroup;
			children = (
				2F4F124124F26FC200666535 /* Main.storyboard */,
				2F4F124624F26FC600666535 /* LaunchScreen.storyboard */,
			);
			path = Storyboards;
			sourceTree = "<group>";
		};
		2F4F125C24F2723100666535 /* Core Tabs */ = {
			isa = PBXGroup;
			children = (
				2F320BE324F418DC00BBEE13 /* TabBarViewController.swift */,
				2F320BE924F5453A00BBEE13 /* Home */,
				2FE50A8624FC01D30084B496 /* Explore */,
				2F33C74724F9234E00752B45 /* Add Dive */,
				2FE50A8724FC01EF0084B496 /* Album */,
				2FE50A8824FC020A0084B496 /* Profile */,
			);
			path = "Core Tabs";
			sourceTree = "<group>";
		};
		2F4F125D24F2724B00666535 /* Other */ = {
			isa = PBXGroup;
			children = (
				2F4F125E24F2726200666535 /* Onboarding */,
			);
			path = Other;
			sourceTree = "<group>";
		};
		2F4F125E24F2726200666535 /* Onboarding */ = {
			isa = PBXGroup;
			children = (
				2F4F125F24F2727300666535 /* LoginViewController.swift */,
				2F4F126124F2728E00666535 /* RegistrationViewController.swift */,
				2F320BE124F3F78800BBEE13 /* FirstViewController.swift */,
				2FE50A9325017F9E0084B496 /* SplashViewController.swift */,
			);
			path = Onboarding;
			sourceTree = "<group>";
		};
		2FBBD892255863D8007E7772 /* Edit */ = {
			isa = PBXGroup;
			children = (
				2F63B351250CB35B00F4EEBD /* EditCardInfoViewController.swift */,
			);
			path = Edit;
			sourceTree = "<group>";
		};
		2FE50A8624FC01D30084B496 /* Explore */ = {
			isa = PBXGroup;
			children = (
				2F4F125424F2716500666535 /* ExploreViewController.swift */,
			);
			path = Explore;
			sourceTree = "<group>";
		};
		2FE50A8724FC01EF0084B496 /* Album */ = {
			isa = PBXGroup;
			children = (
				2F4F125824F2719700666535 /* AlbumViewController.swift */,
			);
			path = Album;
			sourceTree = "<group>";
		};
		2FE50A8824FC020A0084B496 /* Profile */ = {
			isa = PBXGroup;
			children = (
				2F4F126724F2731B00666535 /* SettingsViewController.swift */,
				2F4F126324F272E000666535 /* EditProfileViewController.swift */,
				2F4F125624F2717900666535 /* ProfileViewController.swift */,
			);
			path = Profile;
			sourceTree = "<group>";
		};
		2FE50A91250162880084B496 /* Show */ = {
			isa = PBXGroup;
			children = (
				2F33C74324F911C400752B45 /* ShowDiveViewController.swift */,
				2FE50A8F25013F520084B496 /* ShowCardsViewController.swift */,
			);
			path = Show;
			sourceTree = "<group>";
		};
		2FE50A92250162E40084B496 /* Slide */ = {
			isa = PBXGroup;
			children = (
				2F320BEA24F5456500BBEE13 /* UISlidingTabController.swift */,
				2F320BEC24F546D900BBEE13 /* SimpleItemViewControllerOne.swift */,
				2F320BEE24F546FF00BBEE13 /* SimpleItemViewControllerTwo.swift */,
			);
			path = Slide;
			sourceTree = "<group>";
		};
		2FF42C22254ECE6B00CF482B /* Add Card */ = {
			isa = PBXGroup;
			children = (
				2FF42C24254ECEAD00CF482B /* AddCardViewController.swift */,
			);
			path = "Add Card";
			sourceTree = "<group>";
		};
		705F134E4C81E7A698A42A0F /* Pods */ = {
			isa = PBXGroup;
			children = (
				808E96D03CA4F6CB4FF7EC28 /* Pods-diveBook.debug.xcconfig */,
				41EB2E9A3C96819DDA9A192D /* Pods-diveBook.release.xcconfig */,
			);
			path = Pods;
			sourceTree = "<group>";
		};
		BC4BC544E96868DC94C628CD /* Frameworks */ = {
			isa = PBXGroup;
			children = (
				847647F8210BB7DA52B5EB30 /* Pods_diveBook.framework */,
			);
			name = Frameworks;
			sourceTree = "<group>";
		};
/* End PBXGroup section */

/* Begin PBXNativeTarget section */
		2F4F123724F26FC200666535 /* diveBook */ = {
			isa = PBXNativeTarget;
			buildConfigurationList = 2F4F124C24F26FC600666535 /* Build configuration list for PBXNativeTarget "diveBook" */;
			buildPhases = (
				8FB5ACA19A0152127BC238D4 /* [CP] Check Pods Manifest.lock */,
				2F4F123424F26FC200666535 /* Sources */,
				2F4F123524F26FC200666535 /* Frameworks */,
				2F4F123624F26FC200666535 /* Resources */,
				059C3BA2B8B912F37B81014D /* [CP] Embed Pods Frameworks */,
			);
			buildRules = (
			);
			dependencies = (
			);
			name = diveBook;
			productName = diveBook;
			productReference = 2F4F123824F26FC200666535 /* diveBook.app */;
			productType = "com.apple.product-type.application";
		};
/* End PBXNativeTarget section */

/* Begin PBXProject section */
		2F4F123024F26FC200666535 /* Project object */ = {
			isa = PBXProject;
			attributes = {
				LastSwiftUpdateCheck = 1160;
				LastUpgradeCheck = 1200;
				ORGANIZATIONNAME = "Tristan Engelborghs";
				TargetAttributes = {
					2F4F123724F26FC200666535 = {
						CreatedOnToolsVersion = 11.6;
					};
				};
			};
			buildConfigurationList = 2F4F123324F26FC200666535 /* Build configuration list for PBXProject "diveBook" */;
			compatibilityVersion = "Xcode 9.3";
			developmentRegion = en;
			hasScannedForEncodings = 0;
			knownRegions = (
				en,
				Base,
			);
			mainGroup = 2F4F122F24F26FC200666535;
			productRefGroup = 2F4F123924F26FC200666535 /* Products */;
			projectDirPath = "";
			projectRoot = "";
			targets = (
				2F4F123724F26FC200666535 /* diveBook */,
			);
		};
/* End PBXProject section */

/* Begin PBXResourcesBuildPhase section */
		2F4F123624F26FC200666535 /* Resources */ = {
			isa = PBXResourcesBuildPhase;
			buildActionMask = 2147483647;
			files = (
				2F4F124824F26FC600666535 /* LaunchScreen.storyboard in Resources */,
				2F4F124524F26FC600666535 /* Assets.xcassets in Resources */,
				2F4F126A24F283A200666535 /* GoogleService-Info.plist in Resources */,
				2F4F124324F26FC200666535 /* Main.storyboard in Resources */,
			);
			runOnlyForDeploymentPostprocessing = 0;
		};
/* End PBXResourcesBuildPhase section */

/* Begin PBXShellScriptBuildPhase section */
		059C3BA2B8B912F37B81014D /* [CP] Embed Pods Frameworks */ = {
			isa = PBXShellScriptBuildPhase;
			buildActionMask = 2147483647;
			files = (
			);
			inputFileListPaths = (
				"${PODS_ROOT}/Target Support Files/Pods-diveBook/Pods-diveBook-frameworks-${CONFIGURATION}-input-files.xcfilelist",
			);
			name = "[CP] Embed Pods Frameworks";
			outputFileListPaths = (
				"${PODS_ROOT}/Target Support Files/Pods-diveBook/Pods-diveBook-frameworks-${CONFIGURATION}-output-files.xcfilelist",
			);
			runOnlyForDeploymentPostprocessing = 0;
			shellPath = /bin/sh;
			shellScript = "\"${PODS_ROOT}/Target Support Files/Pods-diveBook/Pods-diveBook-frameworks.sh\"\n";
			showEnvVarsInLog = 0;
		};
		8FB5ACA19A0152127BC238D4 /* [CP] Check Pods Manifest.lock */ = {
			isa = PBXShellScriptBuildPhase;
			buildActionMask = 2147483647;
			files = (
			);
			inputFileListPaths = (
			);
			inputPaths = (
				"${PODS_PODFILE_DIR_PATH}/Podfile.lock",
				"${PODS_ROOT}/Manifest.lock",
			);
			name = "[CP] Check Pods Manifest.lock";
			outputFileListPaths = (
			);
			outputPaths = (
				"$(DERIVED_FILE_DIR)/Pods-diveBook-checkManifestLockResult.txt",
			);
			runOnlyForDeploymentPostprocessing = 0;
			shellPath = /bin/sh;
			shellScript = "diff \"${PODS_PODFILE_DIR_PATH}/Podfile.lock\" \"${PODS_ROOT}/Manifest.lock\" > /dev/null\nif [ $? != 0 ] ; then\n    # print error to STDERR\n    echo \"error: The sandbox is not in sync with the Podfile.lock. Run 'pod install' or update your CocoaPods installation.\" >&2\n    exit 1\nfi\n# This output is used by Xcode 'outputs' to avoid re-running this script phase.\necho \"SUCCESS\" > \"${SCRIPT_OUTPUT_FILE_0}\"\n";
			showEnvVarsInLog = 0;
		};
/* End PBXShellScriptBuildPhase section */

/* Begin PBXSourcesBuildPhase section */
		2F4F123424F26FC200666535 /* Sources */ = {
			isa = PBXSourcesBuildPhase;
			buildActionMask = 2147483647;
			files = (
				2F4F125924F2719700666535 /* AlbumViewController.swift in Sources */,
				2F320BDF24F3F4D900BBEE13 /* Constants.swift in Sources */,
				2FE50A9025013F520084B496 /* ShowCardsViewController.swift in Sources */,
				2F33C74024F69B0200752B45 /* CustomTableViewCell.swift in Sources */,
				2FE9D4A5255EA6A9004819DC /* NormalDiveExtension.swift in Sources */,
				2F4F125B24F2722A00666535 /* AddDiveViewController.swift in Sources */,
				2F320BE424F418DC00BBEE13 /* TabBarViewController.swift in Sources */,
				2F33C74224F69FBA00752B45 /* DiveInfoStruct.swift in Sources */,
				2F4F125524F2716500666535 /* ExploreViewController.swift in Sources */,
				2F4F126224F2728E00666535 /* RegistrationViewController.swift in Sources */,
				2F320BDE24F3F4D900BBEE13 /* Utilities.swift in Sources */,
				2F4F124024F26FC200666535 /* HomeViewController.swift in Sources */,
				2F33C74B24F9237F00752B45 /* NormalDiveViewController.swift in Sources */,
				2F4F127524F2C2EC00666535 /* GradientColor.swift in Sources */,
				2F63B3502509615F00F4EEBD /* UPCarouselFlowLayout.swift in Sources */,
				2F4F126024F2727300666535 /* LoginViewController.swift in Sources */,
				2F4F125724F2717900666535 /* ProfileViewController.swift in Sources */,
				2F4F123C24F26FC200666535 /* AppDelegate.swift in Sources */,
				2F33C74424F911C400752B45 /* ShowDiveViewController.swift in Sources */,
				2F320BE224F3F78800BBEE13 /* FirstViewController.swift in Sources */,
				2FFFAA83258CB4F10040C279 /* ConditionsViewController.swift in Sources */,
				2FE50A9425017F9F0084B496 /* SplashViewController.swift in Sources */,
				2F33C74924F9237100752B45 /* CirtifiedDiveViewController.swift in Sources */,
				2F320BEF24F546FF00BBEE13 /* SimpleItemViewControllerTwo.swift in Sources */,
				2F320BED24F546D900BBEE13 /* SimpleItemViewControllerOne.swift in Sources */,
				2FF42C25254ECEAD00CF482B /* AddCardViewController.swift in Sources */,
				2F33C73D24F695F700752B45 /* UIViewExtension.swift in Sources */,
				2F320BEB24F5456500BBEE13 /* UISlidingTabController.swift in Sources */,
				2FBBD8AF25587F1C007E7772 /* GradientBorderView.swift in Sources */,
				2F63B352250CB35B00F4EEBD /* EditCardInfoViewController.swift in Sources */,
				2F4F126424F272E000666535 /* EditProfileViewController.swift in Sources */,
				2FE50A962502DCFD0084B496 /* FetchData.swift in Sources */,
				2F4F123E24F26FC200666535 /* SceneDelegate.swift in Sources */,
				2F4F126824F2731B00666535 /* SettingsViewController.swift in Sources */,
				2FBBD8B225588011007E7772 /* knConstraints.swift in Sources */,
			);
			runOnlyForDeploymentPostprocessing = 0;
		};
/* End PBXSourcesBuildPhase section */

/* Begin PBXVariantGroup section */
		2F4F124124F26FC200666535 /* Main.storyboard */ = {
			isa = PBXVariantGroup;
			children = (
				2F4F124224F26FC200666535 /* Base */,
			);
			name = Main.storyboard;
			sourceTree = "<group>";
		};
		2F4F124624F26FC600666535 /* LaunchScreen.storyboard */ = {
			isa = PBXVariantGroup;
			children = (
				2F4F124724F26FC600666535 /* Base */,
			);
			name = LaunchScreen.storyboard;
			sourceTree = "<group>";
		};
/* End PBXVariantGroup section */

/* Begin XCBuildConfiguration section */
		2F4F124A24F26FC600666535 /* Debug */ = {
			isa = XCBuildConfiguration;
			buildSettings = {
				ALWAYS_SEARCH_USER_PATHS = NO;
				CLANG_ANALYZER_NONNULL = YES;
				CLANG_ANALYZER_NUMBER_OBJECT_CONVERSION = YES_AGGRESSIVE;
				CLANG_CXX_LANGUAGE_STANDARD = "gnu++14";
				CLANG_CXX_LIBRARY = "libc++";
				CLANG_ENABLE_MODULES = YES;
				CLANG_ENABLE_OBJC_ARC = YES;
				CLANG_ENABLE_OBJC_WEAK = YES;
				CLANG_WARN_BLOCK_CAPTURE_AUTORELEASING = YES;
				CLANG_WARN_BOOL_CONVERSION = YES;
				CLANG_WARN_COMMA = YES;
				CLANG_WARN_CONSTANT_CONVERSION = YES;
				CLANG_WARN_DEPRECATED_OBJC_IMPLEMENTATIONS = YES;
				CLANG_WARN_DIRECT_OBJC_ISA_USAGE = YES_ERROR;
				CLANG_WARN_DOCUMENTATION_COMMENTS = YES;
				CLANG_WARN_EMPTY_BODY = YES;
				CLANG_WARN_ENUM_CONVERSION = YES;
				CLANG_WARN_INFINITE_RECURSION = YES;
				CLANG_WARN_INT_CONVERSION = YES;
				CLANG_WARN_NON_LITERAL_NULL_CONVERSION = YES;
				CLANG_WARN_OBJC_IMPLICIT_RETAIN_SELF = YES;
				CLANG_WARN_OBJC_LITERAL_CONVERSION = YES;
				CLANG_WARN_OBJC_ROOT_CLASS = YES_ERROR;
				CLANG_WARN_QUOTED_INCLUDE_IN_FRAMEWORK_HEADER = NO;
				CLANG_WARN_RANGE_LOOP_ANALYSIS = YES;
				CLANG_WARN_STRICT_PROTOTYPES = YES;
				CLANG_WARN_SUSPICIOUS_MOVE = YES;
				CLANG_WARN_UNGUARDED_AVAILABILITY = YES_AGGRESSIVE;
				CLANG_WARN_UNREACHABLE_CODE = YES;
				CLANG_WARN__DUPLICATE_METHOD_MATCH = YES;
				COPY_PHASE_STRIP = NO;
				DEBUG_INFORMATION_FORMAT = dwarf;
				ENABLE_STRICT_OBJC_MSGSEND = YES;
				ENABLE_TESTABILITY = YES;
				GCC_C_LANGUAGE_STANDARD = gnu11;
				GCC_DYNAMIC_NO_PIC = NO;
				GCC_NO_COMMON_BLOCKS = YES;
				GCC_OPTIMIZATION_LEVEL = 0;
				GCC_PREPROCESSOR_DEFINITIONS = (
					"DEBUG=1",
					"$(inherited)",
				);
				GCC_WARN_64_TO_32_BIT_CONVERSION = YES;
				GCC_WARN_ABOUT_RETURN_TYPE = YES_ERROR;
				GCC_WARN_UNDECLARED_SELECTOR = YES;
				GCC_WARN_UNINITIALIZED_AUTOS = YES_AGGRESSIVE;
				GCC_WARN_UNUSED_FUNCTION = YES;
				GCC_WARN_UNUSED_VARIABLE = YES;
				IPHONEOS_DEPLOYMENT_TARGET = 13.6;
				MTL_ENABLE_DEBUG_INFO = INCLUDE_SOURCE;
				MTL_FAST_MATH = YES;
				ONLY_ACTIVE_ARCH = YES;
				SDKROOT = iphoneos;
				SWIFT_ACTIVE_COMPILATION_CONDITIONS = DEBUG;
				SWIFT_OPTIMIZATION_LEVEL = "-Onone";
			};
			name = Debug;
		};
		2F4F124B24F26FC600666535 /* Release */ = {
			isa = XCBuildConfiguration;
			buildSettings = {
				ALWAYS_SEARCH_USER_PATHS = NO;
				CLANG_ANALYZER_NONNULL = YES;
				CLANG_ANALYZER_NUMBER_OBJECT_CONVERSION = YES_AGGRESSIVE;
				CLANG_CXX_LANGUAGE_STANDARD = "gnu++14";
				CLANG_CXX_LIBRARY = "libc++";
				CLANG_ENABLE_MODULES = YES;
				CLANG_ENABLE_OBJC_ARC = YES;
				CLANG_ENABLE_OBJC_WEAK = YES;
				CLANG_WARN_BLOCK_CAPTURE_AUTORELEASING = YES;
				CLANG_WARN_BOOL_CONVERSION = YES;
				CLANG_WARN_COMMA = YES;
				CLANG_WARN_CONSTANT_CONVERSION = YES;
				CLANG_WARN_DEPRECATED_OBJC_IMPLEMENTATIONS = YES;
				CLANG_WARN_DIRECT_OBJC_ISA_USAGE = YES_ERROR;
				CLANG_WARN_DOCUMENTATION_COMMENTS = YES;
				CLANG_WARN_EMPTY_BODY = YES;
				CLANG_WARN_ENUM_CONVERSION = YES;
				CLANG_WARN_INFINITE_RECURSION = YES;
				CLANG_WARN_INT_CONVERSION = YES;
				CLANG_WARN_NON_LITERAL_NULL_CONVERSION = YES;
				CLANG_WARN_OBJC_IMPLICIT_RETAIN_SELF = YES;
				CLANG_WARN_OBJC_LITERAL_CONVERSION = YES;
				CLANG_WARN_OBJC_ROOT_CLASS = YES_ERROR;
				CLANG_WARN_QUOTED_INCLUDE_IN_FRAMEWORK_HEADER = NO;
				CLANG_WARN_RANGE_LOOP_ANALYSIS = YES;
				CLANG_WARN_STRICT_PROTOTYPES = YES;
				CLANG_WARN_SUSPICIOUS_MOVE = YES;
				CLANG_WARN_UNGUARDED_AVAILABILITY = YES_AGGRESSIVE;
				CLANG_WARN_UNREACHABLE_CODE = YES;
				CLANG_WARN__DUPLICATE_METHOD_MATCH = YES;
				COPY_PHASE_STRIP = NO;
				DEBUG_INFORMATION_FORMAT = "dwarf-with-dsym";
				ENABLE_NS_ASSERTIONS = NO;
				ENABLE_STRICT_OBJC_MSGSEND = YES;
				GCC_C_LANGUAGE_STANDARD = gnu11;
				GCC_NO_COMMON_BLOCKS = YES;
				GCC_WARN_64_TO_32_BIT_CONVERSION = YES;
				GCC_WARN_ABOUT_RETURN_TYPE = YES_ERROR;
				GCC_WARN_UNDECLARED_SELECTOR = YES;
				GCC_WARN_UNINITIALIZED_AUTOS = YES_AGGRESSIVE;
				GCC_WARN_UNUSED_FUNCTION = YES;
				GCC_WARN_UNUSED_VARIABLE = YES;
				IPHONEOS_DEPLOYMENT_TARGET = 13.6;
				MTL_ENABLE_DEBUG_INFO = NO;
				MTL_FAST_MATH = YES;
				SDKROOT = iphoneos;
				SWIFT_COMPILATION_MODE = wholemodule;
				SWIFT_OPTIMIZATION_LEVEL = "-O";
				VALIDATE_PRODUCT = YES;
			};
			name = Release;
		};
		2F4F124D24F26FC600666535 /* Debug */ = {
			isa = XCBuildConfiguration;
			baseConfigurationReference = 808E96D03CA4F6CB4FF7EC28 /* Pods-diveBook.debug.xcconfig */;
			buildSettings = {
				ASSETCATALOG_COMPILER_APPICON_NAME = AppIcon;
				CODE_SIGN_STYLE = Automatic;
				DEVELOPMENT_TEAM = 4WT7ZZZ3KY;
				INFOPLIST_FILE = diveBook/Info.plist;
				IPHONEOS_DEPLOYMENT_TARGET = 13.6;
				LD_RUNPATH_SEARCH_PATHS = (
					"$(inherited)",
					"@executable_path/Frameworks",
				);
				PRODUCT_BUNDLE_IDENTIFIER = com.tristanengelborghs.diveBook;
				PRODUCT_NAME = "$(TARGET_NAME)";
				SWIFT_VERSION = 5.0;
				TARGETED_DEVICE_FAMILY = 1;
			};
			name = Debug;
		};
		2F4F124E24F26FC600666535 /* Release */ = {
			isa = XCBuildConfiguration;
			baseConfigurationReference = 41EB2E9A3C96819DDA9A192D /* Pods-diveBook.release.xcconfig */;
			buildSettings = {
				ASSETCATALOG_COMPILER_APPICON_NAME = AppIcon;
				CODE_SIGN_STYLE = Automatic;
				DEVELOPMENT_TEAM = 4WT7ZZZ3KY;
				INFOPLIST_FILE = diveBook/Info.plist;
				IPHONEOS_DEPLOYMENT_TARGET = 13.6;
				LD_RUNPATH_SEARCH_PATHS = (
					"$(inherited)",
					"@executable_path/Frameworks",
				);
				PRODUCT_BUNDLE_IDENTIFIER = com.tristanengelborghs.diveBook;
				PRODUCT_NAME = "$(TARGET_NAME)";
				SWIFT_VERSION = 5.0;
				TARGETED_DEVICE_FAMILY = 1;
			};
			name = Release;
		};
/* End XCBuildConfiguration section */

/* Begin XCConfigurationList section */
		2F4F123324F26FC200666535 /* Build configuration list for PBXProject "diveBook" */ = {
			isa = XCConfigurationList;
			buildConfigurations = (
				2F4F124A24F26FC600666535 /* Debug */,
				2F4F124B24F26FC600666535 /* Release */,
			);
			defaultConfigurationIsVisible = 0;
			defaultConfigurationName = Release;
		};
		2F4F124C24F26FC600666535 /* Build configuration list for PBXNativeTarget "diveBook" */ = {
			isa = XCConfigurationList;
			buildConfigurations = (
				2F4F124D24F26FC600666535 /* Debug */,
				2F4F124E24F26FC600666535 /* Release */,
			);
			defaultConfigurationIsVisible = 0;
			defaultConfigurationName = Release;
		};
/* End XCConfigurationList section */
	};
	rootObject = 2F4F123024F26FC200666535 /* Project object */;
}
